
Microsoft Visual Studio Solution File, Format Version 12.00
# Visual Studio Version 17
VisualStudioVersion = 17.4.33213.308
MinimumVisualStudioVersion = 10.0.40219.1
Project("{FAE04EC0-301F-11D3-BF4B-00C04F79EFBC}") = "ApiTutorial", "ApiTutorial\ApiTutorial.csproj", "{1BA92E59-8798-4927-93FC-684E0C6449BC}"
EndProject
Global
	GlobalSection(SolutionConfigurationPlatforms) = preSolution
		Debug|Any CPU = Debug|Any CPU
		Release|Any CPU = Release|Any CPU
	EndGlobalSection
	GlobalSection(ProjectConfigurationPlatforms) = postSolution
		{1BA92E59-8798-4927-93FC-684E0C6449BC}.Debug|Any CPU.ActiveCfg = Debug|Any CPU
		{1BA92E59-8798-4927-93FC-684E0C6449BC}.Debug|Any CPU.Build.0 = Debug|Any CPU
		{1BA92E59-8798-4927-93FC-684E0C6449BC}.Release|Any CPU.ActiveCfg = Release|Any CPU
		{1BA92E59-8798-4927-93FC-684E0C6449BC}.Release|Any CPU.Build.0 = Release|Any CPU
	EndGlobalSection
	GlobalSection(SolutionProperties) = preSolution
		HideSolutionNode = FALSE
	EndGlobalSection
	GlobalSection(ExtensibilityGlobals) = postSolution
		SolutionGuid = {08DA8DC5-52A9-4D92-9824-8155C80AE2E4}
	EndGlobalSection
EndGlobal
